
Microsoft Visual Studio Solution File, Format Version 11.00
# Visual Studio 2010
Project("{FAE04EC0-301F-11D3-BF4B-00C04F79EFBC}") = "EyeHackerPlayer", "Assembly-CSharp.csproj", "{7D1121EA-A4EA-94E0-0E31-A2B5E9BCD70F}"
EndProject
Project("{FAE04EC0-301F-11D3-BF4B-00C04F79EFBC}") = "EyeHackerPlayer", "Klak.Spout.csproj", "{D369AA84-8B51-28F3-8BE1-5D8EFF7F9F74}"
EndProject
Project("{FAE04EC0-301F-11D3-BF4B-00C04F79EFBC}") = "EyeHackerPlayer", "Assembly-CSharp-Editor.csproj", "{7529126A-05B2-A910-B3BD-F7177173FB2B}"
EndProject
Project("{FAE04EC0-301F-11D3-BF4B-00C04F79EFBC}") = "EyeHackerPlayer", "Klak.Spout.Editor.csproj", "{9F310D67-9D17-FD5E-2BA4-007729C6ADFE}"
EndProject
Global
	GlobalSection(SolutionConfigurationPlatforms) = preSolution
		Debug|Any CPU = Debug|Any CPU
		Release|Any CPU = Release|Any CPU
	EndGlobalSection
	GlobalSection(ProjectConfigurationPlatforms) = postSolution
		{7D1121EA-A4EA-94E0-0E31-A2B5E9BCD70F}.Debug|Any CPU.ActiveCfg = Debug|Any CPU
		{7D1121EA-A4EA-94E0-0E31-A2B5E9BCD70F}.Debug|Any CPU.Build.0 = Debug|Any CPU
		{7D1121EA-A4EA-94E0-0E31-A2B5E9BCD70F}.Release|Any CPU.ActiveCfg = Release|Any CPU
		{7D1121EA-A4EA-94E0-0E31-A2B5E9BCD70F}.Release|Any CPU.Build.0 = Release|Any CPU
		{D369AA84-8B51-28F3-8BE1-5D8EFF7F9F74}.Debug|Any CPU.ActiveCfg = Debug|Any CPU
		{D369AA84-8B51-28F3-8BE1-5D8EFF7F9F74}.Debug|Any CPU.Build.0 = Debug|Any CPU
		{D369AA84-8B51-28F3-8BE1-5D8EFF7F9F74}.Release|Any CPU.ActiveCfg = Release|Any CPU
		{D369AA84-8B51-28F3-8BE1-5D8EFF7F9F74}.Release|Any CPU.Build.0 = Release|Any CPU
		{7529126A-05B2-A910-B3BD-F7177173FB2B}.Debug|Any CPU.ActiveCfg = Debug|Any CPU
		{7529126A-05B2-A910-B3BD-F7177173FB2B}.Debug|Any CPU.Build.0 = Debug|Any CPU
		{7529126A-05B2-A910-B3BD-F7177173FB2B}.Release|Any CPU.ActiveCfg = Release|Any CPU
		{7529126A-05B2-A910-B3BD-F7177173FB2B}.Release|Any CPU.Build.0 = Release|Any CPU
		{9F310D67-9D17-FD5E-2BA4-007729C6ADFE}.Debug|Any CPU.ActiveCfg = Debug|Any CPU
		{9F310D67-9D17-FD5E-2BA4-007729C6ADFE}.Debug|Any CPU.Build.0 = Debug|Any CPU
		{9F310D67-9D17-FD5E-2BA4-007729C6ADFE}.Release|Any CPU.ActiveCfg = Release|Any CPU
		{9F310D67-9D17-FD5E-2BA4-007729C6ADFE}.Release|Any CPU.Build.0 = Release|Any CPU
	EndGlobalSection
	GlobalSection(SolutionProperties) = preSolution
		HideSolutionNode = FALSE
	EndGlobalSection
	GlobalSection(MonoDevelopProperties) = preSolution
		StartupItem = Assembly-CSharp.csproj
	EndGlobalSection
EndGlobal
